
Microsoft Visual Studio Solution File, Format Version 12.00
# Visual Studio Version 16
VisualStudioVersion = 16.0.31019.35
MinimumVisualStudioVersion = 10.0.40219.1
Project("{FAE04EC0-301F-11D3-BF4B-00C04F79EFBC}") = "JWTAuthentication", "JWTAuthentication\JWTAuthentication.csproj", "{8AAFCFF0-1846-447C-859E-F4F530317020}"
EndProject
Global
	GlobalSection(SolutionConfigurationPlatforms) = preSolution
		Debug|Any CPU = Debug|Any CPU
		Release|Any CPU = Release|Any CPU
	EndGlobalSection
	GlobalSection(ProjectConfigurationPlatforms) = postSolution
		{8AAFCFF0-1846-447C-859E-F4F530317020}.Debug|Any CPU.ActiveCfg = Debug|Any CPU
		{8AAFCFF0-1846-447C-859E-F4F530317020}.Debug|Any CPU.Build.0 = Debug|Any CPU
		{8AAFCFF0-1846-447C-859E-F4F530317020}.Release|Any CPU.ActiveCfg = Release|Any CPU
		{8AAFCFF0-1846-447C-859E-F4F530317020}.Release|Any CPU.Build.0 = Release|Any CPU
	EndGlobalSection
	GlobalSection(SolutionProperties) = preSolution
		HideSolutionNode = FALSE
	EndGlobalSection
	GlobalSection(ExtensibilityGlobals) = postSolution
		SolutionGuid = {7F88E877-7AD2-4499-BC8D-CA0D9CBC36B9}
	EndGlobalSection
EndGlobal
